{
  "originHash" : "d7309315f2c6bef1423ce703ac52ed53416330ebfc4098e70b416f10320fa23c",
  "pins" : [
    {
      "identity" : "gsplayer",
      "kind" : "remoteSourceControl",
      "location" : "https://github.com/wxxsw/GSPlayer.git",
      "state" : {
        "revision" : "706fc28fcc8e33607993903eca82d9f6c7c3f6d2",
        "version" : "0.2.27"
      }
    },
    {
      "identity" : "stream-chat-swift",
      "kind" : "remoteSourceControl",
      "location" : "https://github.com/GetStream/stream-chat-swift.git",
      "state" : {
        "revision" : "568ebe9b5c5739478a65df9c6814f928c4bebc10",
        "version" : "4.57.0"
      }
    },
    {
      "identity" : "stream-chat-swiftui",
      "kind" : "remoteSourceControl",
      "location" : "https://github.com/GetStream/stream-chat-swiftui.git",
      "state" : {
        "revision" : "6627d660ba268339d1db12db77c363d49049a375",
        "version" : "4.57.0"
      }
    },
    {
      "identity" : "stream-video-swift",
      "kind" : "remoteSourceControl",
      "location" : "https://github.com/GetStream/stream-video-swift",
      "state" : {
        "revision" : "323359995b3519828428e21d6029ff830f537153",
        "version" : "0.5.3"
      }
    },
    {
      "identity" : "stream-video-swift-webrtc",
      "kind" : "remoteSourceControl",
      "location" : "https://github.com/GetStream/stream-video-swift-webrtc.git",
      "state" : {
        "revision" : "2f7e07b4de39aeb65f3fdc83e4fdbefe5d7d5292",
        "version" : "114.5735.8"
      }
    },
    {
      "identity" : "swift-protobuf",
      "kind" : "remoteSourceControl",
      "location" : "https://github.com/apple/swift-protobuf.git",
      "state" : {
        "revision" : "9f0c76544701845ad98716f3f6a774a892152bcb",
        "version" : "1.26.0"
      }
    },
    {
      "identity" : "videoplayer",
      "kind" : "remoteSourceControl",
      "location" : "https://github.com/wxxsw/VideoPlayer.git",
      "state" : {
        "revision" : "0a271928849292713daf471398a2a9185f28709c",
        "version" : "1.2.4"
      }
    }
  ],
  "version" : 3
}
